// !$*UTF8*$!
{
	archiveVersion = 1;
	classes = {
	};
	objectVersion = 56;
	objects = {

/* Begin PBXBuildFile section */
		401112C22C399BAB001282A5 /* ImageStorage.swift in Sources */ = {isa = PBXBuildFile; fileRef = 401112BB2C399BAB001282A5 /* ImageStorage.swift */; };
		401112C32C399BAB001282A5 /* ImageCacheValidator.swift in Sources */ = {isa = PBXBuildFile; fileRef = 401112B82C399BAB001282A5 /* ImageCacheValidator.swift */; };
		401112C42C399BAB001282A5 /* CryptoManager.swift in Sources */ = {isa = PBXBuildFile; fileRef = 401112B72C399BAB001282A5 /* CryptoManager.swift */; };
		401112C52C399BAB001282A5 /* ImageCacheOptions.swift in Sources */ = {isa = PBXBuildFile; fileRef = 401112C02C399BAB001282A5 /* ImageCacheOptions.swift */; };
		401112C62C399BAB001282A5 /* ImageCachable.swift in Sources */ = {isa = PBXBuildFile; fileRef = 401112BF2C399BAB001282A5 /* ImageCachable.swift */; };
		401112C72C399BAB001282A5 /* ImageStoreKey.swift in Sources */ = {isa = PBXBuildFile; fileRef = 401112BC2C399BAB001282A5 /* ImageStoreKey.swift */; };
		401112C82C399BAB001282A5 /* MemoryStorage.swift in Sources */ = {isa = PBXBuildFile; fileRef = 401112BD2C399BAB001282A5 /* MemoryStorage.swift */; };
		401112C92C399BAB001282A5 /* DiskStorage.swift in Sources */ = {isa = PBXBuildFile; fileRef = 401112BA2C399BAB001282A5 /* DiskStorage.swift */; };
		401112CF2C399BB8001282A5 /* CryptoManagerTests.swift in Sources */ = {isa = PBXBuildFile; fileRef = 401112CA2C399BB8001282A5 /* CryptoManagerTests.swift */; };
		401112D02C399BB8001282A5 /* DiskStorageTests.swift in Sources */ = {isa = PBXBuildFile; fileRef = 401112CB2C399BB8001282A5 /* DiskStorageTests.swift */; };
		401112D12C399BB8001282A5 /* ImageCacheValidatorTests.swift in Sources */ = {isa = PBXBuildFile; fileRef = 401112CC2C399BB8001282A5 /* ImageCacheValidatorTests.swift */; };
		401112D22C399BB8001282A5 /* MemoryStorageTests.swift in Sources */ = {isa = PBXBuildFile; fileRef = 401112CD2C399BB8001282A5 /* MemoryStorageTests.swift */; };
		401B5E4F2BF0BC6600D953B2 /* HaviImageProvider.framework in Frameworks */ = {isa = PBXBuildFile; fileRef = 401B5E462BF0BC6500D953B2 /* HaviImageProvider.framework */; };
/* End PBXBuildFile section */

/* Begin PBXContainerItemProxy section */
		401B5E502BF0BC6600D953B2 /* PBXContainerItemProxy */ = {
			isa = PBXContainerItemProxy;
			containerPortal = 401B5E3D2BF0BC6500D953B2 /* Project object */;
			proxyType = 1;
			remoteGlobalIDString = 401B5E452BF0BC6500D953B2;
			remoteInfo = HaviImageProvider;
		};
/* End PBXContainerItemProxy section */

/* Begin PBXFileReference section */
		401112B72C399BAB001282A5 /* CryptoManager.swift */ = {isa = PBXFileReference; lastKnownFileType = sourcecode.swift; path = CryptoManager.swift; sourceTree = "<group>"; };
		401112B82C399BAB001282A5 /* ImageCacheValidator.swift */ = {isa = PBXFileReference; lastKnownFileType = sourcecode.swift; path = ImageCacheValidator.swift; sourceTree = "<group>"; };
		401112BA2C399BAB001282A5 /* DiskStorage.swift */ = {isa = PBXFileReference; lastKnownFileType = sourcecode.swift; path = DiskStorage.swift; sourceTree = "<group>"; };
		401112BB2C399BAB001282A5 /* ImageStorage.swift */ = {isa = PBXFileReference; lastKnownFileType = sourcecode.swift; path = ImageStorage.swift; sourceTree = "<group>"; };
		401112BC2C399BAB001282A5 /* ImageStoreKey.swift */ = {isa = PBXFileReference; lastKnownFileType = sourcecode.swift; path = ImageStoreKey.swift; sourceTree = "<group>"; };
		401112BD2C399BAB001282A5 /* MemoryStorage.swift */ = {isa = PBXFileReference; lastKnownFileType = sourcecode.swift; path = MemoryStorage.swift; sourceTree = "<group>"; };
		401112BF2C399BAB001282A5 /* ImageCachable.swift */ = {isa = PBXFileReference; lastKnownFileType = sourcecode.swift; path = ImageCachable.swift; sourceTree = "<group>"; };
		401112C02C399BAB001282A5 /* ImageCacheOptions.swift */ = {isa = PBXFileReference; lastKnownFileType = sourcecode.swift; path = ImageCacheOptions.swift; sourceTree = "<group>"; };
		401112CA2C399BB8001282A5 /* CryptoManagerTests.swift */ = {isa = PBXFileReference; lastKnownFileType = sourcecode.swift; path = CryptoManagerTests.swift; sourceTree = "<group>"; };
		401112CB2C399BB8001282A5 /* DiskStorageTests.swift */ = {isa = PBXFileReference; lastKnownFileType = sourcecode.swift; path = DiskStorageTests.swift; sourceTree = "<group>"; };
		401112CC2C399BB8001282A5 /* ImageCacheValidatorTests.swift */ = {isa = PBXFileReference; lastKnownFileType = sourcecode.swift; path = ImageCacheValidatorTests.swift; sourceTree = "<group>"; };
		401112CD2C399BB8001282A5 /* MemoryStorageTests.swift */ = {isa = PBXFileReference; lastKnownFileType = sourcecode.swift; path = MemoryStorageTests.swift; sourceTree = "<group>"; };
		401B5E462BF0BC6500D953B2 /* HaviImageProvider.framework */ = {isa = PBXFileReference; explicitFileType = wrapper.framework; includeInIndex = 0; path = HaviImageProvider.framework; sourceTree = BUILT_PRODUCTS_DIR; };
		401B5E4E2BF0BC6600D953B2 /* HaviImageProviderTests.xctest */ = {isa = PBXFileReference; explicitFileType = wrapper.cfbundle; includeInIndex = 0; path = HaviImageProviderTests.xctest; sourceTree = BUILT_PRODUCTS_DIR; };
/* End PBXFileReference section */

/* Begin PBXFrameworksBuildPhase section */
		401B5E432BF0BC6500D953B2 /* Frameworks */ = {
			isa = PBXFrameworksBuildPhase;
			buildActionMask = 2147483647;
			files = (
			);
			runOnlyForDeploymentPostprocessing = 0;
		};
		401B5E4B2BF0BC6600D953B2 /* Frameworks */ = {
			isa = PBXFrameworksBuildPhase;
			buildActionMask = 2147483647;
			files = (
				401B5E4F2BF0BC6600D953B2 /* HaviImageProvider.framework in Frameworks */,
			);
			runOnlyForDeploymentPostprocessing = 0;
		};
/* End PBXFrameworksBuildPhase section */

/* Begin PBXGroup section */
		401112B92C399BAB001282A5 /* Helpers */ = {
			isa = PBXGroup;
			children = (
				401112B72C399BAB001282A5 /* CryptoManager.swift */,
				401112B82C399BAB001282A5 /* ImageCacheValidator.swift */,
			);
			path = Helpers;
			sourceTree = "<group>";
		};
		401112BE2C399BAB001282A5 /* Storages */ = {
			isa = PBXGroup;
			children = (
				401112BA2C399BAB001282A5 /* DiskStorage.swift */,
				401112BB2C399BAB001282A5 /* ImageStorage.swift */,
				401112BC2C399BAB001282A5 /* ImageStoreKey.swift */,
				401112BD2C399BAB001282A5 /* MemoryStorage.swift */,
			);
			path = Storages;
			sourceTree = "<group>";
		};
		401112C12C399BAB001282A5 /* Sources */ = {
			isa = PBXGroup;
			children = (
				401112B92C399BAB001282A5 /* Helpers */,
				401112BE2C399BAB001282A5 /* Storages */,
				401112BF2C399BAB001282A5 /* ImageCachable.swift */,
				401112C02C399BAB001282A5 /* ImageCacheOptions.swift */,
			);
			path = Sources;
			sourceTree = "<group>";
		};
		401112CE2C399BB8001282A5 /* Tests */ = {
			isa = PBXGroup;
			children = (
				401112CA2C399BB8001282A5 /* CryptoManagerTests.swift */,
				401112CB2C399BB8001282A5 /* DiskStorageTests.swift */,
				401112CC2C399BB8001282A5 /* ImageCacheValidatorTests.swift */,
				401112CD2C399BB8001282A5 /* MemoryStorageTests.swift */,
			);
			path = Tests;
			sourceTree = "<group>";
		};
		401B5E3C2BF0BC6500D953B2 = {
			isa = PBXGroup;
			children = (
				401112C12C399BAB001282A5 /* Sources */,
				401112CE2C399BB8001282A5 /* Tests */,
				401B5E472BF0BC6500D953B2 /* Products */,
			);
			sourceTree = "<group>";
		};
		401B5E472BF0BC6500D953B2 /* Products */ = {
			isa = PBXGroup;
			children = (
				401B5E462BF0BC6500D953B2 /* HaviImageProvider.framework */,
				401B5E4E2BF0BC6600D953B2 /* HaviImageProviderTests.xctest */,
			);
			name = Products;
			sourceTree = "<group>";
		};
/* End PBXGroup section */

/* Begin PBXHeadersBuildPhase section */
		401B5E412BF0BC6500D953B2 /* Headers */ = {
			isa = PBXHeadersBuildPhase;
			buildActionMask = 2147483647;
			files = (
			);
			runOnlyForDeploymentPostprocessing = 0;
		};
/* End PBXHeadersBuildPhase section */

/* Begin PBXNativeTarget section */
		401B5E452BF0BC6500D953B2 /* HaviImageProvider */ = {
			isa = PBXNativeTarget;
			buildConfigurationList = 401B5E582BF0BC6600D953B2 /* Build configuration list for PBXNativeTarget "HaviImageProvider" */;
			buildPhases = (
				401B5E412BF0BC6500D953B2 /* Headers */,
				401B5E422BF0BC6500D953B2 /* Sources */,
				401B5E432BF0BC6500D953B2 /* Frameworks */,
				401B5E442BF0BC6500D953B2 /* Resources */,
			);
			buildRules = (
			);
			dependencies = (
			);
			name = HaviImageProvider;
			productName = HaviImageProvider;
			productReference = 401B5E462BF0BC6500D953B2 /* HaviImageProvider.framework */;
			productType = "com.apple.product-type.framework";
		};
		401B5E4D2BF0BC6600D953B2 /* HaviImageProviderTests */ = {
			isa = PBXNativeTarget;
			buildConfigurationList = 401B5E5B2BF0BC6600D953B2 /* Build configuration list for PBXNativeTarget "HaviImageProviderTests" */;
			buildPhases = (
				401B5E4A2BF0BC6600D953B2 /* Sources */,
				401B5E4B2BF0BC6600D953B2 /* Frameworks */,
				401B5E4C2BF0BC6600D953B2 /* Resources */,
			);
			buildRules = (
			);
			dependencies = (
				401B5E512BF0BC6600D953B2 /* PBXTargetDependency */,
			);
			name = HaviImageProviderTests;
			productName = HaviImageProviderTests;
			productReference = 401B5E4E2BF0BC6600D953B2 /* HaviImageProviderTests.xctest */;
			productType = "com.apple.product-type.bundle.unit-test";
		};
/* End PBXNativeTarget section */

/* Begin PBXProject section */
		401B5E3D2BF0BC6500D953B2 /* Project object */ = {
			isa = PBXProject;
			attributes = {
				BuildIndependentTargetsInParallel = 1;
				LastSwiftUpdateCheck = 1530;
				LastUpgradeCheck = 1530;
				TargetAttributes = {
					401B5E452BF0BC6500D953B2 = {
						CreatedOnToolsVersion = 15.3;
						LastSwiftMigration = 1530;
					};
					401B5E4D2BF0BC6600D953B2 = {
						CreatedOnToolsVersion = 15.3;
					};
				};
			};
			buildConfigurationList = 401B5E402BF0BC6500D953B2 /* Build configuration list for PBXProject "HaviImageProvider" */;
			compatibilityVersion = "Xcode 14.0";
			developmentRegion = en;
			hasScannedForEncodings = 0;
			knownRegions = (
				en,
				Base,
			);
			mainGroup = 401B5E3C2BF0BC6500D953B2;
			productRefGroup = 401B5E472BF0BC6500D953B2 /* Products */;
			projectDirPath = "";
			projectRoot = "";
			targets = (
				401B5E452BF0BC6500D953B2 /* HaviImageProvider */,
				401B5E4D2BF0BC6600D953B2 /* HaviImageProviderTests */,
			);
		};
/* End PBXProject section */

/* Begin PBXResourcesBuildPhase section */
		401B5E442BF0BC6500D953B2 /* Resources */ = {
			isa = PBXResourcesBuildPhase;
			buildActionMask = 2147483647;
			files = (
			);
			runOnlyForDeploymentPostprocessing = 0;
		};
		401B5E4C2BF0BC6600D953B2 /* Resources */ = {
			isa = PBXResourcesBuildPhase;
			buildActionMask = 2147483647;
			files = (
			);
			runOnlyForDeploymentPostprocessing = 0;
		};
/* End PBXResourcesBuildPhase section */

/* Begin PBXSourcesBuildPhase section */
		401B5E422BF0BC6500D953B2 /* Sources */ = {
			isa = PBXSourcesBuildPhase;
			buildActionMask = 2147483647;
			files = (
				401112C22C399BAB001282A5 /* ImageStorage.swift in Sources */,
				401112C32C399BAB001282A5 /* ImageCacheValidator.swift in Sources */,
				401112C42C399BAB001282A5 /* CryptoManager.swift in Sources */,
				401112C52C399BAB001282A5 /* ImageCacheOptions.swift in Sources */,
				401112C62C399BAB001282A5 /* ImageCachable.swift in Sources */,
				401112C72C399BAB001282A5 /* ImageStoreKey.swift in Sources */,
				401112C82C399BAB001282A5 /* MemoryStorage.swift in Sources */,
				401112C92C399BAB001282A5 /* DiskStorage.swift in Sources */,
			);
			runOnlyForDeploymentPostprocessing = 0;
		};
		401B5E4A2BF0BC6600D953B2 /* Sources */ = {
			isa = PBXSourcesBuildPhase;
			buildActionMask = 2147483647;
			files = (
				401112CF2C399BB8001282A5 /* CryptoManagerTests.swift in Sources */,
				401112D02C399BB8001282A5 /* DiskStorageTests.swift in Sources */,
				401112D12C399BB8001282A5 /* ImageCacheValidatorTests.swift in Sources */,
				401112D22C399BB8001282A5 /* MemoryStorageTests.swift in Sources */,
			);
			runOnlyForDeploymentPostprocessing = 0;
		};
/* End PBXSourcesBuildPhase section */

/* Begin PBXTargetDependency section */
		401B5E512BF0BC6600D953B2 /* PBXTargetDependency */ = {
			isa = PBXTargetDependency;
			target = 401B5E452BF0BC6500D953B2 /* HaviImageProvider */;
			targetProxy = 401B5E502BF0BC6600D953B2 /* PBXContainerItemProxy */;
		};
/* End PBXTargetDependency section */

/* Begin XCBuildConfiguration section */
		401B5E562BF0BC6600D953B2 /* Debug */ = {
			isa = XCBuildConfiguration;
			buildSettings = {
				ALWAYS_SEARCH_USER_PATHS = NO;
				ASSETCATALOG_COMPILER_GENERATE_SWIFT_ASSET_SYMBOL_EXTENSIONS = YES;
				CLANG_ANALYZER_NONNULL = YES;
				CLANG_ANALYZER_NUMBER_OBJECT_CONVERSION = YES_AGGRESSIVE;
				CLANG_CXX_LANGUAGE_STANDARD = "gnu++20";
				CLANG_ENABLE_MODULES = YES;
				CLANG_ENABLE_OBJC_ARC = YES;
				CLANG_ENABLE_OBJC_WEAK = YES;
				CLANG_WARN_BLOCK_CAPTURE_AUTORELEASING = YES;
				CLANG_WARN_BOOL_CONVERSION = YES;
				CLANG_WARN_COMMA = YES;
				CLANG_WARN_CONSTANT_CONVERSION = YES;
				CLANG_WARN_DEPRECATED_OBJC_IMPLEMENTATIONS = YES;
				CLANG_WARN_DIRECT_OBJC_ISA_USAGE = YES_ERROR;
				CLANG_WARN_DOCUMENTATION_COMMENTS = YES;
				CLANG_WARN_EMPTY_BODY = YES;
				CLANG_WARN_ENUM_CONVERSION = YES;
				CLANG_WARN_INFINITE_RECURSION = YES;
				CLANG_WARN_INT_CONVERSION = YES;
				CLANG_WARN_NON_LITERAL_NULL_CONVERSION = YES;
				CLANG_WARN_OBJC_IMPLICIT_RETAIN_SELF = YES;
				CLANG_WARN_OBJC_LITERAL_CONVERSION = YES;
				CLANG_WARN_OBJC_ROOT_CLASS = YES_ERROR;
				CLANG_WARN_QUOTED_INCLUDE_IN_FRAMEWORK_HEADER = YES;
				CLANG_WARN_RANGE_LOOP_ANALYSIS = YES;
				CLANG_WARN_STRICT_PROTOTYPES = YES;
				CLANG_WARN_SUSPICIOUS_MOVE = YES;
				CLANG_WARN_UNGUARDED_AVAILABILITY = YES_AGGRESSIVE;
				CLANG_WARN_UNREACHABLE_CODE = YES;
				CLANG_WARN__DUPLICATE_METHOD_MATCH = YES;
				COPY_PHASE_STRIP = NO;
				CURRENT_PROJECT_VERSION = 1;
				DEBUG_INFORMATION_FORMAT = dwarf;
				ENABLE_STRICT_OBJC_MSGSEND = YES;
				ENABLE_TESTABILITY = YES;
				ENABLE_USER_SCRIPT_SANDBOXING = YES;
				GCC_C_LANGUAGE_STANDARD = gnu17;
				GCC_DYNAMIC_NO_PIC = NO;
				GCC_NO_COMMON_BLOCKS = YES;
				GCC_OPTIMIZATION_LEVEL = 0;
				GCC_PREPROCESSOR_DEFINITIONS = (
					"DEBUG=1",
					"$(inherited)",
				);
				GCC_WARN_64_TO_32_BIT_CONVERSION = YES;
				GCC_WARN_ABOUT_RETURN_TYPE = YES_ERROR;
				GCC_WARN_UNDECLARED_SELECTOR = YES;
				GCC_WARN_UNINITIALIZED_AUTOS = YES_AGGRESSIVE;
				GCC_WARN_UNUSED_FUNCTION = YES;
				GCC_WARN_UNUSED_VARIABLE = YES;
				IPHONEOS_DEPLOYMENT_TARGET = 16.0;
				LOCALIZATION_PREFERS_STRING_CATALOGS = YES;
				MTL_ENABLE_DEBUG_INFO = INCLUDE_SOURCE;
				MTL_FAST_MATH = YES;
				ONLY_ACTIVE_ARCH = YES;
				SDKROOT = iphoneos;
				SWIFT_ACTIVE_COMPILATION_CONDITIONS = "DEBUG $(inherited)";
				SWIFT_OPTIMIZATION_LEVEL = "-Onone";
				VERSIONING_SYSTEM = "apple-generic";
				VERSION_INFO_PREFIX = "";
			};
			name = Debug;
		};
		401B5E572BF0BC6600D953B2 /* Release */ = {
			isa = XCBuildConfiguration;
			buildSettings = {
				ALWAYS_SEARCH_USER_PATHS = NO;
				ASSETCATALOG_COMPILER_GENERATE_SWIFT_ASSET_SYMBOL_EXTENSIONS = YES;
				CLANG_ANALYZER_NONNULL = YES;
				CLANG_ANALYZER_NUMBER_OBJECT_CONVERSION = YES_AGGRESSIVE;
				CLANG_CXX_LANGUAGE_STANDARD = "gnu++20";
				CLANG_ENABLE_MODULES = YES;
				CLANG_ENABLE_OBJC_ARC = YES;
				CLANG_ENABLE_OBJC_WEAK = YES;
				CLANG_WARN_BLOCK_CAPTURE_AUTORELEASING = YES;
				CLANG_WARN_BOOL_CONVERSION = YES;
				CLANG_WARN_COMMA = YES;
				CLANG_WARN_CONSTANT_CONVERSION = YES;
				CLANG_WARN_DEPRECATED_OBJC_IMPLEMENTATIONS = YES;
				CLANG_WARN_DIRECT_OBJC_ISA_USAGE = YES_ERROR;
				CLANG_WARN_DOCUMENTATION_COMMENTS = YES;
				CLANG_WARN_EMPTY_BODY = YES;
				CLANG_WARN_ENUM_CONVERSION = YES;
				CLANG_WARN_INFINITE_RECURSION = YES;
				CLANG_WARN_INT_CONVERSION = YES;
				CLANG_WARN_NON_LITERAL_NULL_CONVERSION = YES;
				CLANG_WARN_OBJC_IMPLICIT_RETAIN_SELF = YES;
				CLANG_WARN_OBJC_LITERAL_CONVERSION = YES;
				CLANG_WARN_OBJC_ROOT_CLASS = YES_ERROR;
				CLANG_WARN_QUOTED_INCLUDE_IN_FRAMEWORK_HEADER = YES;
				CLANG_WARN_RANGE_LOOP_ANALYSIS = YES;
				CLANG_WARN_STRICT_PROTOTYPES = YES;
				CLANG_WARN_SUSPICIOUS_MOVE = YES;
				CLANG_WARN_UNGUARDED_AVAILABILITY = YES_AGGRESSIVE;
				CLANG_WARN_UNREACHABLE_CODE = YES;
				CLANG_WARN__DUPLICATE_METHOD_MATCH = YES;
				COPY_PHASE_STRIP = NO;
				CURRENT_PROJECT_VERSION = 1;
				DEBUG_INFORMATION_FORMAT = "dwarf-with-dsym";
				ENABLE_NS_ASSERTIONS = NO;
				ENABLE_STRICT_OBJC_MSGSEND = YES;
				ENABLE_USER_SCRIPT_SANDBOXING = YES;
				GCC_C_LANGUAGE_STANDARD = gnu17;
				GCC_NO_COMMON_BLOCKS = YES;
				GCC_WARN_64_TO_32_BIT_CONVERSION = YES;
				GCC_WARN_ABOUT_RETURN_TYPE = YES_ERROR;
				GCC_WARN_UNDECLARED_SELECTOR = YES;
				GCC_WARN_UNINITIALIZED_AUTOS = YES_AGGRESSIVE;
				GCC_WARN_UNUSED_FUNCTION = YES;
				GCC_WARN_UNUSED_VARIABLE = YES;
				IPHONEOS_DEPLOYMENT_TARGET = 16.0;
				LOCALIZATION_PREFERS_STRING_CATALOGS = YES;
				MTL_ENABLE_DEBUG_INFO = NO;
				MTL_FAST_MATH = YES;
				SDKROOT = iphoneos;
				SWIFT_COMPILATION_MODE = wholemodule;
				VALIDATE_PRODUCT = YES;
				VERSIONING_SYSTEM = "apple-generic";
				VERSION_INFO_PREFIX = "";
			};
			name = Release;
		};
		401B5E592BF0BC6600D953B2 /* Debug */ = {
			isa = XCBuildConfiguration;
			buildSettings = {
				BUILD_LIBRARY_FOR_DISTRIBUTION = YES;
				CLANG_ENABLE_MODULES = YES;
				CODE_SIGN_STYLE = Automatic;
				CURRENT_PROJECT_VERSION = 1;
				DEFINES_MODULE = YES;
				DEVELOPMENT_TEAM = 85329TR25G;
				DYLIB_COMPATIBILITY_VERSION = 1;
				DYLIB_CURRENT_VERSION = 1;
				DYLIB_INSTALL_NAME_BASE = "@rpath";
				ENABLE_MODULE_VERIFIER = YES;
				GENERATE_INFOPLIST_FILE = YES;
				INFOPLIST_KEY_NSHumanReadableCopyright = "";
				INSTALL_PATH = "$(LOCAL_LIBRARY_DIR)/Frameworks";
				LD_RUNPATH_SEARCH_PATHS = (
					"$(inherited)",
					"@executable_path/Frameworks",
					"@loader_path/Frameworks",
				);
				MARKETING_VERSION = 1.0;
				MODULE_VERIFIER_SUPPORTED_LANGUAGES = "objective-c objective-c++";
				MODULE_VERIFIER_SUPPORTED_LANGUAGE_STANDARDS = "gnu17 gnu++20";
				PRODUCT_BUNDLE_IDENTIFIER = com.havi.HaviImageProvider;
				PRODUCT_NAME = "$(TARGET_NAME:c99extidentifier)";
				SKIP_INSTALL = YES;
				SUPPORTED_PLATFORMS = "iphoneos iphonesimulator";
				SUPPORTS_MACCATALYST = NO;
				SUPPORTS_XR_DESIGNED_FOR_IPHONE_IPAD = NO;
				SWIFT_EMIT_LOC_STRINGS = YES;
				SWIFT_INSTALL_OBJC_HEADER = NO;
				SWIFT_OPTIMIZATION_LEVEL = "-Onone";
				SWIFT_VERSION = 5.0;
				TARGETED_DEVICE_FAMILY = 1;
			};
			name = Debug;
		};
		401B5E5A2BF0BC6600D953B2 /* Release */ = {
			isa = XCBuildConfiguration;
			buildSettings = {
				BUILD_LIBRARY_FOR_DISTRIBUTION = YES;
				CLANG_ENABLE_MODULES = YES;
				CODE_SIGN_STYLE = Automatic;
				CURRENT_PROJECT_VERSION = 1;
				DEFINES_MODULE = YES;
				DEVELOPMENT_TEAM = 85329TR25G;
				DYLIB_COMPATIBILITY_VERSION = 1;
				DYLIB_CURRENT_VERSION = 1;
				DYLIB_INSTALL_NAME_BASE = "@rpath";
				ENABLE_MODULE_VERIFIER = YES;
				GENERATE_INFOPLIST_FILE = YES;
				INFOPLIST_KEY_NSHumanReadableCopyright = "";
				INSTALL_PATH = "$(LOCAL_LIBRARY_DIR)/Frameworks";
				LD_RUNPATH_SEARCH_PATHS = (
					"$(inherited)",
					"@executable_path/Frameworks",
					"@loader_path/Frameworks",
				);
				MARKETING_VERSION = 1.0;
				MODULE_VERIFIER_SUPPORTED_LANGUAGES = "objective-c objective-c++";
				MODULE_VERIFIER_SUPPORTED_LANGUAGE_STANDARDS = "gnu17 gnu++20";
				PRODUCT_BUNDLE_IDENTIFIER = com.havi.HaviImageProvider;
				PRODUCT_NAME = "$(TARGET_NAME:c99extidentifier)";
				SKIP_INSTALL = YES;
				SUPPORTED_PLATFORMS = "iphoneos iphonesimulator";
				SUPPORTS_MACCATALYST = NO;
				SUPPORTS_XR_DESIGNED_FOR_IPHONE_IPAD = NO;
				SWIFT_EMIT_LOC_STRINGS = YES;
				SWIFT_INSTALL_OBJC_HEADER = NO;
				SWIFT_VERSION = 5.0;
				TARGETED_DEVICE_FAMILY = 1;
			};
			name = Release;
		};
		401B5E5C2BF0BC6600D953B2 /* Debug */ = {
			isa = XCBuildConfiguration;
			buildSettings = {
				ALWAYS_EMBED_SWIFT_STANDARD_LIBRARIES = YES;
				CODE_SIGN_STYLE = Automatic;
				CURRENT_PROJECT_VERSION = 1;
				DEVELOPMENT_TEAM = 85329TR25G;
				GENERATE_INFOPLIST_FILE = YES;
				MARKETING_VERSION = 1.0;
				PRODUCT_BUNDLE_IDENTIFIER = com.havi.HaviImageProviderTests;
				PRODUCT_NAME = "$(TARGET_NAME)";
				SUPPORTED_PLATFORMS = "iphoneos iphonesimulator";
				SUPPORTS_MACCATALYST = NO;
				SUPPORTS_XR_DESIGNED_FOR_IPHONE_IPAD = NO;
				SWIFT_EMIT_LOC_STRINGS = NO;
				SWIFT_VERSION = 5.0;
				TARGETED_DEVICE_FAMILY = 1;
			};
			name = Debug;
		};
		401B5E5D2BF0BC6600D953B2 /* Release */ = {
			isa = XCBuildConfiguration;
			buildSettings = {
				ALWAYS_EMBED_SWIFT_STANDARD_LIBRARIES = YES;
				CODE_SIGN_STYLE = Automatic;
				CURRENT_PROJECT_VERSION = 1;
				DEVELOPMENT_TEAM = 85329TR25G;
				GENERATE_INFOPLIST_FILE = YES;
				MARKETING_VERSION = 1.0;
				PRODUCT_BUNDLE_IDENTIFIER = com.havi.HaviImageProviderTests;
				PRODUCT_NAME = "$(TARGET_NAME)";
				SUPPORTED_PLATFORMS = "iphoneos iphonesimulator";
				SUPPORTS_MACCATALYST = NO;
				SUPPORTS_XR_DESIGNED_FOR_IPHONE_IPAD = NO;
				SWIFT_EMIT_LOC_STRINGS = NO;
				SWIFT_VERSION = 5.0;
				TARGETED_DEVICE_FAMILY = 1;
			};
			name = Release;
		};
/* End XCBuildConfiguration section */

/* Begin XCConfigurationList section */
		401B5E402BF0BC6500D953B2 /* Build configuration list for PBXProject "HaviImageProvider" */ = {
			isa = XCConfigurationList;
			buildConfigurations = (
				401B5E562BF0BC6600D953B2 /* Debug */,
				401B5E572BF0BC6600D953B2 /* Release */,
			);
			defaultConfigurationIsVisible = 0;
			defaultConfigurationName = Release;
		};
		401B5E582BF0BC6600D953B2 /* Build configuration list for PBXNativeTarget "HaviImageProvider" */ = {
			isa = XCConfigurationList;
			buildConfigurations = (
				401B5E592BF0BC6600D953B2 /* Debug */,
				401B5E5A2BF0BC6600D953B2 /* Release */,
			);
			defaultConfigurationIsVisible = 0;
			defaultConfigurationName = Release;
		};
		401B5E5B2BF0BC6600D953B2 /* Build configuration list for PBXNativeTarget "HaviImageProviderTests" */ = {
			isa = XCConfigurationList;
			buildConfigurations = (
				401B5E5C2BF0BC6600D953B2 /* Debug */,
				401B5E5D2BF0BC6600D953B2 /* Release */,
			);
			defaultConfigurationIsVisible = 0;
			defaultConfigurationName = Release;
		};
/* End XCConfigurationList section */
	};
	rootObject = 401B5E3D2BF0BC6500D953B2 /* Project object */;
}
